
Microsoft Visual Studio Solution File, Format Version 12.00
# Visual Studio Version 16
VisualStudioVersion = 16.0.28902.138
MinimumVisualStudioVersion = 10.0.40219.1
Project("{FAE04EC0-301F-11D3-BF4B-00C04F79EFBC}") = "MyVet.Common", "MyVet.Common\MyVet.Common.csproj", "{4A826318-70E0-44D6-B077-B6C51562B021}"
EndProject
Project("{FAE04EC0-301F-11D3-BF4B-00C04F79EFBC}") = "MyVet.Web", "MyVet.Web\MyVet.Web.csproj", "{1A46EBEC-341F-4438-811A-4BD19379E392}"
EndProject
Global
	GlobalSection(SolutionConfigurationPlatforms) = preSolution
		Debug|Any CPU = Debug|Any CPU
		Release|Any CPU = Release|Any CPU
	EndGlobalSection
	GlobalSection(ProjectConfigurationPlatforms) = postSolution
		{4A826318-70E0-44D6-B077-B6C51562B021}.Debug|Any CPU.ActiveCfg = Debug|Any CPU
		{4A826318-70E0-44D6-B077-B6C51562B021}.Debug|Any CPU.Build.0 = Debug|Any CPU
		{4A826318-70E0-44D6-B077-B6C51562B021}.Release|Any CPU.ActiveCfg = Release|Any CPU
		{4A826318-70E0-44D6-B077-B6C51562B021}.Release|Any CPU.Build.0 = Release|Any CPU
		{1A46EBEC-341F-4438-811A-4BD19379E392}.Debug|Any CPU.ActiveCfg = Debug|Any CPU
		{1A46EBEC-341F-4438-811A-4BD19379E392}.Debug|Any CPU.Build.0 = Debug|Any CPU
		{1A46EBEC-341F-4438-811A-4BD19379E392}.Release|Any CPU.ActiveCfg = Release|Any CPU
		{1A46EBEC-341F-4438-811A-4BD19379E392}.Release|Any CPU.Build.0 = Release|Any CPU
	EndGlobalSection
	GlobalSection(SolutionProperties) = preSolution
		HideSolutionNode = FALSE
	EndGlobalSection
	GlobalSection(ExtensibilityGlobals) = postSolution
		SolutionGuid = {0682A8D7-D0EB-4DAE-AA3F-472153DB501E}
	EndGlobalSection
EndGlobal
